
Microsoft Visual Studio Solution File, Format Version 12.00
# Visual Studio Version 16
VisualStudioVersion = 16.0.30225.117
MinimumVisualStudioVersion = 10.0.40219.1
Project("{8BC9CEB8-8B4A-11D0-8D11-00A0C91BC942}") = "lab-2", "lab-2\lab-2.vcxproj", "{357EEC1B-1BA7-48D9-B043-F9A818FB93DF}"
EndProject
Global
	GlobalSection(SolutionConfigurationPlatforms) = preSolution
		Debug|x64 = Debug|x64
		Release|x64 = Release|x64
	EndGlobalSection
	GlobalSection(ProjectConfigurationPlatforms) = postSolution
		{357EEC1B-1BA7-48D9-B043-F9A818FB93DF}.Debug|x64.ActiveCfg = Debug|x64
		{357EEC1B-1BA7-48D9-B043-F9A818FB93DF}.Debug|x64.Build.0 = Debug|x64
		{357EEC1B-1BA7-48D9-B043-F9A818FB93DF}.Release|x64.ActiveCfg = Release|x64
		{357EEC1B-1BA7-48D9-B043-F9A818FB93DF}.Release|x64.Build.0 = Release|x64
	EndGlobalSection
	GlobalSection(SolutionProperties) = preSolution
		HideSolutionNode = FALSE
	EndGlobalSection
	GlobalSection(ExtensibilityGlobals) = postSolution
		SolutionGuid = {5893CD0C-D080-4E30-84E1-640E4F9B8E1F}
	EndGlobalSection
EndGlobal
